# THIS IS AN AUTOGENERATED FILE. DO NOT EDIT THIS FILE DIRECTLY.
# yarn lockfile v1


acorn-class-fields@^0.3.6:
  version "0.3.6"
  resolved "https://registry.yarnpkg.com/acorn-class-fields/-/acorn-class-fields-0.3.6.tgz#e45916dcd95c3d7faad1c811e3abd818defe14d9"
  integrity sha512-nOzMl1byCFAJLgxNUG7QorpzRHWlkBKVSSOMKUu+bVbVZG5lU4NZkOp/uA7CnE+NAsWhmxTsMgQdHsQXUO8Ulg==
  dependencies:
    acorn-private-class-elements "^0.2.6"

acorn-dynamic-import@^4.0.0:
  version "4.0.0"
  resolved "https://registry.yarnpkg.com/acorn-dynamic-import/-/acorn-dynamic-import-4.0.0.tgz#482210140582a36b83c3e342e1cfebcaa9240948"
  integrity sha512-d3OEjQV4ROpoflsnUA8HozoIR504TFxNivYEUi6uwz0IYhBkTDXGuWlNdMtybRt3nqVx/L6XqMt0FxkXuWKZhw==

acorn-import-meta@^1.1.0:
  version "1.1.0"
  resolved "https://registry.yarnpkg.com/acorn-import-meta/-/acorn-import-meta-1.1.0.tgz#c384423462ee7d4721d4de83231021a36cb09def"
  integrity sha512-pshgiVR5mhpjFVdizKTN+kAGRqjJFUOEB3TvpQ6kiAutb1lvHrIVVcGoe5xzMpJkVNifCeymMG7/tsDkWn8CdQ==

acorn-logical-assignment@^0.1.1:
  version "0.1.3"
  resolved "https://registry.yarnpkg.com/acorn-logical-assignment/-/acorn-logical-assignment-0.1.3.tgz#4c81ec136994e4b505e2de42636c923722e88377"
  integrity sha512-tLFK3+HWerA2rAJaY02LRtDeO0/nwgw6Wn1EZwO8cNZRbZiwBxKo4V5rJEoVSfBvEqXo44JaiA2Q9ycYx+y7qQ==

acorn-numeric-separator@^0.3.2:
  version "0.3.3"
  resolved "https://registry.yarnpkg.com/acorn-numeric-separator/-/acorn-numeric-separator-0.3.3.tgz#1002e3c3e68540449131370b81078b3fc36a4b18"
  integrity sha512-xMbqqXR9EnxuGN1N6CbU+sm/sKS+VSttTnU6aRf9klvZF/P5E5BMtR3xZfSFWbVIkd4uXGKfgZJZwZ73zpExXQ==

acorn-private-class-elements@^0.2.6:
  version "0.2.6"
  resolved "https://registry.yarnpkg.com/acorn-private-class-elements/-/acorn-private-class-elements-0.2.6.tgz#625155cbf4d42ce1f8063db8c9b88adfdd8db2c5"
  integrity sha512-PV+AhOU1/vCx5zIBgGYLB5+OoT8IPKZUcWEGdLBTQgFBMMzPM9S5SKSG4EdiuULqoq3pV3C07rGuSC1Y5gbi/g==

acorn-private-methods@^0.3.2:
  version "0.3.2"
  resolved "https://registry.yarnpkg.com/acorn-private-methods/-/acorn-private-methods-0.3.2.tgz#4a0b311607444157efc3180210d3a909673f6469"
  integrity sha512-jTgRNDbEkbtxOIPUmDZ4u4oDGCO4tNPDNeW+jJrkbLl/Hzl9EVLva+kGQ289irSPhxi7FI9TjuXmIiqjnJcj9w==
  dependencies:
    acorn-private-class-elements "^0.2.6"

acorn-stage3@^3.0.0:
  version "3.0.0"
  resolved "https://registry.yarnpkg.com/acorn-stage3/-/acorn-stage3-3.0.0.tgz#4d80b3e4dbe5c27ef888fb4e8fdab3ecf7218bdb"
  integrity sha512-zS8peaLCVRDxj8kUpJTazea65Ob8wCNb+rSMTj7o0XohrA529YlUESvnTirz2iMX0157Mu2jPHaQB32+Sr79xQ==
  dependencies:
    acorn-class-fields "^0.3.6"
    acorn-logical-assignment "^0.1.1"
    acorn-numeric-separator "^0.3.2"
    acorn-private-methods "^0.3.2"
    acorn-static-class-features "^0.2.3"

acorn-static-class-features@^0.2.3:
  version "0.2.3"
  resolved "https://registry.yarnpkg.com/acorn-static-class-features/-/acorn-static-class-features-0.2.3.tgz#c59e17c81afa28d6fc140d2ab1429e3eaea5dd66"
  integrity sha512-N7yRI9NduTJRam3BQTXHLR63ykHQv2MnxWTRq0+4PfQosGUz/tM0/ToRqWUqGphP960mDTm/7zJFx3dB/AZtiw==
  dependencies:
    acorn-private-class-elements "^0.2.6"

acorn@^7.3.1:
  version "7.3.1"
  resolved "https://registry.yarnpkg.com/acorn/-/acorn-7.3.1.tgz#85010754db53c3fbaf3b9ea3e083aa5c5d147ffd"
  integrity sha512-tLc0wSnatxAQHVHUapaHdz72pi9KUyHjq5KyHjGg9Y8Ifdc79pTh2XvI6I1/chZbnM7QtNKzh66ooDogPZSleA==
